
Microsoft Visual Studio Solution File, Format Version 11.00
# Visual Studio 2010
Project("{FAE04EC0-301F-11D3-BF4B-00C04F79EFBC}") = "Tcp sever program", "Tcp sever program\Tcp sever program.csproj", "{A0C1029E-C5EC-4395-B3EE-6E5650C7E09E}"
EndProject
Global
	GlobalSection(SolutionConfigurationPlatforms) = preSolution
		Debug|Any CPU = Debug|Any CPU
		Release|Any CPU = Release|Any CPU
	EndGlobalSection
	GlobalSection(ProjectConfigurationPlatforms) = postSolution
		{A0C1029E-C5EC-4395-B3EE-6E5650C7E09E}.Debug|Any CPU.ActiveCfg = Debug|Any CPU
		{A0C1029E-C5EC-4395-B3EE-6E5650C7E09E}.Debug|Any CPU.Build.0 = Debug|Any CPU
		{A0C1029E-C5EC-4395-B3EE-6E5650C7E09E}.Release|Any CPU.ActiveCfg = Release|Any CPU
		{A0C1029E-C5EC-4395-B3EE-6E5650C7E09E}.Release|Any CPU.Build.0 = Release|Any CPU
	EndGlobalSection
	GlobalSection(SolutionProperties) = preSolution
		HideSolutionNode = FALSE
	EndGlobalSection
EndGlobal
